
Microsoft Visual Studio Solution File, Format Version 12.00
# Visual Studio Version 16
VisualStudioVersion = 16.0.28803.202
MinimumVisualStudioVersion = 10.0.40219.1
Project("{FAE04EC0-301F-11D3-BF4B-00C04F79EFBC}") = "CosmosDBSecondaryIndex", "CosmosDBSecondaryIndex\CosmosDBSecondaryIndex.csproj", "{B98203A9-A081-45B5-8452-B54F1E08C5B0}"
EndProject
Global
	GlobalSection(SolutionConfigurationPlatforms) = preSolution
		Debug|Any CPU = Debug|Any CPU
		Release|Any CPU = Release|Any CPU
	EndGlobalSection
	GlobalSection(ProjectConfigurationPlatforms) = postSolution
		{B98203A9-A081-45B5-8452-B54F1E08C5B0}.Debug|Any CPU.ActiveCfg = Debug|Any CPU
		{B98203A9-A081-45B5-8452-B54F1E08C5B0}.Debug|Any CPU.Build.0 = Debug|Any CPU
		{B98203A9-A081-45B5-8452-B54F1E08C5B0}.Release|Any CPU.ActiveCfg = Release|Any CPU
		{B98203A9-A081-45B5-8452-B54F1E08C5B0}.Release|Any CPU.Build.0 = Release|Any CPU
	EndGlobalSection
	GlobalSection(SolutionProperties) = preSolution
		HideSolutionNode = FALSE
	EndGlobalSection
	GlobalSection(ExtensibilityGlobals) = postSolution
		SolutionGuid = {8FC5B0B3-4212-4AEA-886F-D556B0CAF52C}
	EndGlobalSection
EndGlobal
